<?xml version="1.0" encoding="utf-8"?>
<Project ToolsVersion="4.0" xmlns="http://schemas.microsoft.com/developer/msbuild/2003">
  <ItemGroup>
    <Filter Include="Source Files">
      <UniqueIdentifier>{4FC737F1-C7A5-4376-A066-2A32D752A2FF}</UniqueIdentifier>
      <Extensions>cpp;c;cc;cxx;c++;cppm;ixx;def;odl;idl;hpj;bat;asm;asmx</Extensions>
    </Filter>
    <Filter Include="Header Files">
      <UniqueIdentifier>{93995380-89BD-4b04-88EB-625FBE52EBFB}</UniqueIdentifier>
      <Extensions>h;hh;hpp;hxx;h++;hm;inl;inc;ipp;xsd</Extensions>
    </Filter>
    <Filter Include="Resource Files">
      <UniqueIdentifier>{67DA6AB6-F800-4c08-8B7A-83BB121AAD01}</UniqueIdentifier>
      <Extensions>rc;ico;cur;bmp;dlg;rc2;rct;bin;rgs;gif;jpg;jpeg;jpe;resx;tiff;tif;png;wav;mfcribbon-ms</Extensions>
    </Filter>
    <Filter Include="Resource Files\Audio">
      <UniqueIdentifier>{154e4f6d-cd04-4644-b705-982d242dac26}</UniqueIdentifier>
    </Filter>
    <Filter Include="Resource Files\Backgrounds">
      <UniqueIdentifier>{43b43e10-1aeb-4f03-a238-26f07fcbc872}</UniqueIdentifier>
    </Filter>
    <Filter Include="Resource Files\Sprites">
      <UniqueIdentifier>{d0cc7518-b09b-4b83-8f1f-4e9f8b8afddf}</UniqueIdentifier>
    </Filter>
  </ItemGroup>
  <ItemGroup>
    <ClCompile Include="MainGame.cpp">
      <Filter>Source Files</Filter>
    </ClCompile>
  </ItemGroup>
  <ItemGroup>
    <ClInclude Include="Play.h">
      <Filter>Header Files</Filter>
    </ClInclude>
  </ItemGroup>
  <ItemGroup>
    <Image Include="Data\Backgrounds\spr_background.png">
      <Filter>Resource Files\Backgrounds</Filter>
    </Image>
    <Image Include="Data\spr_particle.png">
      <Filter>Resource Files\Sprites</Filter>
    </Image>
    <Image Include="Data\spr_agent8_dead_strip2.png">
      <Filter>Resource Files\Sprites</Filter>
    </Image>
    <Image Include="Data\spr_agent8_fly.png">
      <Filter>Resource Files\Sprites</Filter>
    </Image>
    <Image Include="Data\spr_agent8_left_strip7.png">
      <Filter>Resource Files\Sprites</Filter>
    </Image>
    <Image Include="Data\spr_agent8_right_strip7.png">
      <Filter>Resource Files\Sprites</Filter>
    </Image>
    <Image Include="Data\spr_asteroid_pieces_strip3.png">
      <Filter>Resource Files\Sprites</Filter>
    </Image>
    <Image Include="Data\spr_asteroid_strip2.png">
      <Filter>Resource Files\Sprites</Filter>
    </Image>
    <Image Include="Data\spr_gem.png">
      <Filter>Resource Files\Sprites</Filter>
    </Image>
    <Image Include="Data\spr_meteor_strip2.png">
      <Filter>Resource Files\Sprites</Filter>
    </Image>
  </ItemGroup>
</Project>